// !$*UTF8*$!
{
	archiveVersion = 1;
	classes = {
	};
	objectVersion = 56;
	objects = {

/* Begin PBXBuildFile section */
		3F33BFB42BE05431006D9888 /* Login_for_AppApp.swift in Sources */ = {isa = PBXBuildFile; fileRef = 3F33BFB32BE05431006D9888 /* Login_for_AppApp.swift */; };
		3F33BFB62BE05431006D9888 /* ContentView.swift in Sources */ = {isa = PBXBuildFile; fileRef = 3F33BFB52BE05431006D9888 /* ContentView.swift */; };
		3F33BFB82BE05433006D9888 /* Assets.xcassets in Resources */ = {isa = PBXBuildFile; fileRef = 3F33BFB72BE05433006D9888 /* Assets.xcassets */; };
		3F33BFBB2BE05433006D9888 /* Preview Assets.xcassets in Resources */ = {isa = PBXBuildFile; fileRef = 3F33BFBA2BE05433006D9888 /* Preview Assets.xcassets */; };
		3F33BFD22BE055ED006D9888 /* LoginView.swift in Sources */ = {isa = PBXBuildFile; fileRef = 3F33BFD12BE055ED006D9888 /* LoginView.swift */; };
		3F33BFD42BE05A94006D9888 /* InputView.swift in Sources */ = {isa = PBXBuildFile; fileRef = 3F33BFD32BE05A94006D9888 /* InputView.swift */; };
		3F33BFD62BE060A2006D9888 /* RegistrationView.swift in Sources */ = {isa = PBXBuildFile; fileRef = 3F33BFD52BE060A2006D9888 /* RegistrationView.swift */; };
		3F33BFD82BE063BD006D9888 /* ProfileView.swift in Sources */ = {isa = PBXBuildFile; fileRef = 3F33BFD72BE063BD006D9888 /* ProfileView.swift */; };
		3F33BFDA2BE071CC006D9888 /* SettingsRowView.swift in Sources */ = {isa = PBXBuildFile; fileRef = 3F33BFD92BE071CC006D9888 /* SettingsRowView.swift */; };
		3F33BFDC2BE07834006D9888 /* User.swift in Sources */ = {isa = PBXBuildFile; fileRef = 3F33BFDB2BE07834006D9888 /* User.swift */; };
		3F33BFDE2BE08002006D9888 /* GoogleService-Info.plist in Resources */ = {isa = PBXBuildFile; fileRef = 3F33BFDD2BE08002006D9888 /* GoogleService-Info.plist */; };
		3F33BFE12BE0815E006D9888 /* FirebaseAnalytics in Frameworks */ = {isa = PBXBuildFile; productRef = 3F33BFE02BE0815E006D9888 /* FirebaseAnalytics */; };
		3F33BFE32BE0815E006D9888 /* FirebaseAnalyticsOnDeviceConversion in Frameworks */ = {isa = PBXBuildFile; productRef = 3F33BFE22BE0815E006D9888 /* FirebaseAnalyticsOnDeviceConversion */; };
		3F33BFE52BE0815E006D9888 /* FirebaseAnalyticsSwift in Frameworks */ = {isa = PBXBuildFile; productRef = 3F33BFE42BE0815E006D9888 /* FirebaseAnalyticsSwift */; };
		3F33BFE72BE0815E006D9888 /* FirebaseAnalyticsWithoutAdIdSupport in Frameworks */ = {isa = PBXBuildFile; productRef = 3F33BFE62BE0815E006D9888 /* FirebaseAnalyticsWithoutAdIdSupport */; };
		3F33BFE92BE0815E006D9888 /* FirebaseAppCheck in Frameworks */ = {isa = PBXBuildFile; productRef = 3F33BFE82BE0815E006D9888 /* FirebaseAppCheck */; };
		3F33BFEB2BE0815E006D9888 /* FirebaseAppDistribution-Beta in Frameworks */ = {isa = PBXBuildFile; productRef = 3F33BFEA2BE0815E006D9888 /* FirebaseAppDistribution-Beta */; };
		3F33BFED2BE0815F006D9888 /* FirebaseAuth in Frameworks */ = {isa = PBXBuildFile; productRef = 3F33BFEC2BE0815F006D9888 /* FirebaseAuth */; };
		3F33BFEF2BE0815F006D9888 /* FirebaseAuthCombine-Community in Frameworks */ = {isa = PBXBuildFile; productRef = 3F33BFEE2BE0815F006D9888 /* FirebaseAuthCombine-Community */; };
		3F33BFF12BE0815F006D9888 /* FirebaseCrashlytics in Frameworks */ = {isa = PBXBuildFile; productRef = 3F33BFF02BE0815F006D9888 /* FirebaseCrashlytics */; };
		3F33BFF32BE0815F006D9888 /* FirebaseDatabase in Frameworks */ = {isa = PBXBuildFile; productRef = 3F33BFF22BE0815F006D9888 /* FirebaseDatabase */; };
		3F33BFF52BE0815F006D9888 /* FirebaseDatabaseSwift in Frameworks */ = {isa = PBXBuildFile; productRef = 3F33BFF42BE0815F006D9888 /* FirebaseDatabaseSwift */; };
		3F33BFF72BE0815F006D9888 /* FirebaseDynamicLinks in Frameworks */ = {isa = PBXBuildFile; productRef = 3F33BFF62BE0815F006D9888 /* FirebaseDynamicLinks */; };
		3F33BFF92BE0815F006D9888 /* FirebaseFirestore in Frameworks */ = {isa = PBXBuildFile; productRef = 3F33BFF82BE0815F006D9888 /* FirebaseFirestore */; };
		3F33BFFB2BE0815F006D9888 /* FirebaseFirestoreCombine-Community in Frameworks */ = {isa = PBXBuildFile; productRef = 3F33BFFA2BE0815F006D9888 /* FirebaseFirestoreCombine-Community */; };
		3F33BFFD2BE0815F006D9888 /* FirebaseFirestoreSwift in Frameworks */ = {isa = PBXBuildFile; productRef = 3F33BFFC2BE0815F006D9888 /* FirebaseFirestoreSwift */; };
		3F33BFFF2BE0815F006D9888 /* FirebaseFunctions in Frameworks */ = {isa = PBXBuildFile; productRef = 3F33BFFE2BE0815F006D9888 /* FirebaseFunctions */; };
		3F33C0012BE0815F006D9888 /* FirebaseFunctionsCombine-Community in Frameworks */ = {isa = PBXBuildFile; productRef = 3F33C0002BE0815F006D9888 /* FirebaseFunctionsCombine-Community */; };
		3F33C0032BE0815F006D9888 /* FirebaseInAppMessaging-Beta in Frameworks */ = {isa = PBXBuildFile; productRef = 3F33C0022BE0815F006D9888 /* FirebaseInAppMessaging-Beta */; };
		3F33C0052BE0815F006D9888 /* FirebaseInAppMessagingSwift-Beta in Frameworks */ = {isa = PBXBuildFile; productRef = 3F33C0042BE0815F006D9888 /* FirebaseInAppMessagingSwift-Beta */; };
		3F33C0072BE0815F006D9888 /* FirebaseInstallations in Frameworks */ = {isa = PBXBuildFile; productRef = 3F33C0062BE0815F006D9888 /* FirebaseInstallations */; };
		3F33C0092BE0815F006D9888 /* FirebaseMLModelDownloader in Frameworks */ = {isa = PBXBuildFile; productRef = 3F33C0082BE0815F006D9888 /* FirebaseMLModelDownloader */; };
		3F33C00B2BE0815F006D9888 /* FirebaseMessaging in Frameworks */ = {isa = PBXBuildFile; productRef = 3F33C00A2BE0815F006D9888 /* FirebaseMessaging */; };
		3F33C00D2BE0815F006D9888 /* FirebasePerformance in Frameworks */ = {isa = PBXBuildFile; productRef = 3F33C00C2BE0815F006D9888 /* FirebasePerformance */; };
		3F33C00F2BE0815F006D9888 /* FirebaseRemoteConfig in Frameworks */ = {isa = PBXBuildFile; productRef = 3F33C00E2BE0815F006D9888 /* FirebaseRemoteConfig */; };
		3F33C0112BE0815F006D9888 /* FirebaseRemoteConfigSwift in Frameworks */ = {isa = PBXBuildFile; productRef = 3F33C0102BE0815F006D9888 /* FirebaseRemoteConfigSwift */; };
		3F33C0132BE0815F006D9888 /* FirebaseStorage in Frameworks */ = {isa = PBXBuildFile; productRef = 3F33C0122BE0815F006D9888 /* FirebaseStorage */; };
		3F33C0152BE0815F006D9888 /* FirebaseStorageCombine-Community in Frameworks */ = {isa = PBXBuildFile; productRef = 3F33C0142BE0815F006D9888 /* FirebaseStorageCombine-Community */; };
		3F33C01A2BE081BB006D9888 /* AuthViewModel.swift in Sources */ = {isa = PBXBuildFile; fileRef = 3F33C0192BE081BB006D9888 /* AuthViewModel.swift */; };
/* End PBXBuildFile section */

/* Begin PBXFileReference section */
		3F33BFB02BE05431006D9888 /* Login for App.app */ = {isa = PBXFileReference; explicitFileType = wrapper.application; includeInIndex = 0; path = "Login for App.app"; sourceTree = BUILT_PRODUCTS_DIR; };
		3F33BFB32BE05431006D9888 /* Login_for_AppApp.swift */ = {isa = PBXFileReference; lastKnownFileType = sourcecode.swift; path = Login_for_AppApp.swift; sourceTree = "<group>"; };
		3F33BFB52BE05431006D9888 /* ContentView.swift */ = {isa = PBXFileReference; lastKnownFileType = sourcecode.swift; path = ContentView.swift; sourceTree = "<group>"; };
		3F33BFB72BE05433006D9888 /* Assets.xcassets */ = {isa = PBXFileReference; lastKnownFileType = folder.assetcatalog; path = Assets.xcassets; sourceTree = "<group>"; };
		3F33BFBA2BE05433006D9888 /* Preview Assets.xcassets */ = {isa = PBXFileReference; lastKnownFileType = folder.assetcatalog; path = "Preview Assets.xcassets"; sourceTree = "<group>"; };
		3F33BFD12BE055ED006D9888 /* LoginView.swift */ = {isa = PBXFileReference; lastKnownFileType = sourcecode.swift; path = LoginView.swift; sourceTree = "<group>"; };
		3F33BFD32BE05A94006D9888 /* InputView.swift */ = {isa = PBXFileReference; lastKnownFileType = sourcecode.swift; path = InputView.swift; sourceTree = "<group>"; };
		3F33BFD52BE060A2006D9888 /* RegistrationView.swift */ = {isa = PBXFileReference; lastKnownFileType = sourcecode.swift; path = RegistrationView.swift; sourceTree = "<group>"; };
		3F33BFD72BE063BD006D9888 /* ProfileView.swift */ = {isa = PBXFileReference; lastKnownFileType = sourcecode.swift; path = ProfileView.swift; sourceTree = "<group>"; };
		3F33BFD92BE071CC006D9888 /* SettingsRowView.swift */ = {isa = PBXFileReference; lastKnownFileType = sourcecode.swift; path = SettingsRowView.swift; sourceTree = "<group>"; };
		3F33BFDB2BE07834006D9888 /* User.swift */ = {isa = PBXFileReference; lastKnownFileType = sourcecode.swift; path = User.swift; sourceTree = "<group>"; };
		3F33BFDD2BE08002006D9888 /* GoogleService-Info.plist */ = {isa = PBXFileReference; fileEncoding = 4; lastKnownFileType = text.plist.xml; path = "GoogleService-Info.plist"; sourceTree = "<group>"; };
		3F33C0192BE081BB006D9888 /* AuthViewModel.swift */ = {isa = PBXFileReference; lastKnownFileType = sourcecode.swift; path = AuthViewModel.swift; sourceTree = "<group>"; };
/* End PBXFileReference section */

/* Begin PBXFrameworksBuildPhase section */
		3F33BFAD2BE05431006D9888 /* Frameworks */ = {
			isa = PBXFrameworksBuildPhase;
			buildActionMask = 2147483647;
			files = (
				3F33BFF32BE0815F006D9888 /* FirebaseDatabase in Frameworks */,
				3F33C0012BE0815F006D9888 /* FirebaseFunctionsCombine-Community in Frameworks */,
				3F33BFF92BE0815F006D9888 /* FirebaseFirestore in Frameworks */,
				3F33BFE52BE0815E006D9888 /* FirebaseAnalyticsSwift in Frameworks */,
				3F33BFE12BE0815E006D9888 /* FirebaseAnalytics in Frameworks */,
				3F33BFE32BE0815E006D9888 /* FirebaseAnalyticsOnDeviceConversion in Frameworks */,
				3F33C0092BE0815F006D9888 /* FirebaseMLModelDownloader in Frameworks */,
				3F33BFFD2BE0815F006D9888 /* FirebaseFirestoreSwift in Frameworks */,
				3F33BFE92BE0815E006D9888 /* FirebaseAppCheck in Frameworks */,
				3F33BFE72BE0815E006D9888 /* FirebaseAnalyticsWithoutAdIdSupport in Frameworks */,
				3F33BFED2BE0815F006D9888 /* FirebaseAuth in Frameworks */,
				3F33BFF12BE0815F006D9888 /* FirebaseCrashlytics in Frameworks */,
				3F33C0112BE0815F006D9888 /* FirebaseRemoteConfigSwift in Frameworks */,
				3F33C0032BE0815F006D9888 /* FirebaseInAppMessaging-Beta in Frameworks */,
				3F33BFF52BE0815F006D9888 /* FirebaseDatabaseSwift in Frameworks */,
				3F33BFFF2BE0815F006D9888 /* FirebaseFunctions in Frameworks */,
				3F33C0152BE0815F006D9888 /* FirebaseStorageCombine-Community in Frameworks */,
				3F33C00F2BE0815F006D9888 /* FirebaseRemoteConfig in Frameworks */,
				3F33BFEB2BE0815E006D9888 /* FirebaseAppDistribution-Beta in Frameworks */,
				3F33BFEF2BE0815F006D9888 /* FirebaseAuthCombine-Community in Frameworks */,
				3F33C00D2BE0815F006D9888 /* FirebasePerformance in Frameworks */,
				3F33C0052BE0815F006D9888 /* FirebaseInAppMessagingSwift-Beta in Frameworks */,
				3F33C0132BE0815F006D9888 /* FirebaseStorage in Frameworks */,
				3F33BFF72BE0815F006D9888 /* FirebaseDynamicLinks in Frameworks */,
				3F33BFFB2BE0815F006D9888 /* FirebaseFirestoreCombine-Community in Frameworks */,
				3F33C00B2BE0815F006D9888 /* FirebaseMessaging in Frameworks */,
				3F33C0072BE0815F006D9888 /* FirebaseInstallations in Frameworks */,
			);
			runOnlyForDeploymentPostprocessing = 0;
		};
/* End PBXFrameworksBuildPhase section */

/* Begin PBXGroup section */
		3F33BFA72BE05431006D9888 = {
			isa = PBXGroup;
			children = (
				3F33BFB22BE05431006D9888 /* Login for App */,
				3F33BFB12BE05431006D9888 /* Products */,
			);
			sourceTree = "<group>";
		};
		3F33BFB12BE05431006D9888 /* Products */ = {
			isa = PBXGroup;
			children = (
				3F33BFB02BE05431006D9888 /* Login for App.app */,
			);
			name = Products;
			sourceTree = "<group>";
		};
		3F33BFB22BE05431006D9888 /* Login for App */ = {
			isa = PBXGroup;
			children = (
				3F33BFC42BE054BA006D9888 /* App */,
				3F33BFCB2BE05529006D9888 /* Components */,
				3F33BFCD2BE0554A006D9888 /* Model */,
				3F33BFCC2BE05541006D9888 /* Core */,
				3F33BFB72BE05433006D9888 /* Assets.xcassets */,
				3F33BFDD2BE08002006D9888 /* GoogleService-Info.plist */,
				3F33BFB92BE05433006D9888 /* Preview Content */,
			);
			path = "Login for App";
			sourceTree = "<group>";
		};
		3F33BFB92BE05433006D9888 /* Preview Content */ = {
			isa = PBXGroup;
			children = (
				3F33BFBA2BE05433006D9888 /* Preview Assets.xcassets */,
			);
			path = "Preview Content";
			sourceTree = "<group>";
		};
		3F33BFC42BE054BA006D9888 /* App */ = {
			isa = PBXGroup;
			children = (
				3F33BFB32BE05431006D9888 /* Login_for_AppApp.swift */,
			);
			path = App;
			sourceTree = "<group>";
		};
		3F33BFCB2BE05529006D9888 /* Components */ = {
			isa = PBXGroup;
			children = (
				3F33BFD32BE05A94006D9888 /* InputView.swift */,
				3F33BFD92BE071CC006D9888 /* SettingsRowView.swift */,
			);
			path = Components;
			sourceTree = "<group>";
		};
		3F33BFCC2BE05541006D9888 /* Core */ = {
			isa = PBXGroup;
			children = (
				3F33BFCF2BE055A2006D9888 /* Authentication */,
				3F33BFD02BE055B8006D9888 /* Profile */,
				3F33BFCE2BE05586006D9888 /* Root */,
			);
			path = Core;
			sourceTree = "<group>";
		};
		3F33BFCD2BE0554A006D9888 /* Model */ = {
			isa = PBXGroup;
			children = (
				3F33BFDB2BE07834006D9888 /* User.swift */,
			);
			path = Model;
			sourceTree = "<group>";
		};
		3F33BFCE2BE05586006D9888 /* Root */ = {
			isa = PBXGroup;
			children = (
				3F33BFB52BE05431006D9888 /* ContentView.swift */,
			);
			path = Root;
			sourceTree = "<group>";
		};
		3F33BFCF2BE055A2006D9888 /* Authentication */ = {
			isa = PBXGroup;
			children = (
				3F33C0182BE08183006D9888 /* View */,
				3F33C0162BE0816F006D9888 /* ViewModel */,
			);
			path = Authentication;
			sourceTree = "<group>";
		};
		3F33BFD02BE055B8006D9888 /* Profile */ = {
			isa = PBXGroup;
			children = (
				3F33BFD72BE063BD006D9888 /* ProfileView.swift */,
			);
			path = Profile;
			sourceTree = "<group>";
		};
		3F33C0162BE0816F006D9888 /* ViewModel */ = {
			isa = PBXGroup;
			children = (
				3F33C0192BE081BB006D9888 /* AuthViewModel.swift */,
			);
			path = ViewModel;
			sourceTree = "<group>";
		};
		3F33C0182BE08183006D9888 /* View */ = {
			isa = PBXGroup;
			children = (
				3F33BFD12BE055ED006D9888 /* LoginView.swift */,
				3F33BFD52BE060A2006D9888 /* RegistrationView.swift */,
			);
			name = View;
			path = ViewModel;
			sourceTree = "<group>";
		};
/* End PBXGroup section */

/* Begin PBXNativeTarget section */
		3F33BFAF2BE05431006D9888 /* Login for App */ = {
			isa = PBXNativeTarget;
			buildConfigurationList = 3F33BFBE2BE05433006D9888 /* Build configuration list for PBXNativeTarget "Login for App" */;
			buildPhases = (
				3F33BFAC2BE05431006D9888 /* Sources */,
				3F33BFAD2BE05431006D9888 /* Frameworks */,
				3F33BFAE2BE05431006D9888 /* Resources */,
			);
			buildRules = (
			);
			dependencies = (
			);
			name = "Login for App";
			packageProductDependencies = (
				3F33BFE02BE0815E006D9888 /* FirebaseAnalytics */,
				3F33BFE22BE0815E006D9888 /* FirebaseAnalyticsOnDeviceConversion */,
				3F33BFE42BE0815E006D9888 /* FirebaseAnalyticsSwift */,
				3F33BFE62BE0815E006D9888 /* FirebaseAnalyticsWithoutAdIdSupport */,
				3F33BFE82BE0815E006D9888 /* FirebaseAppCheck */,
				3F33BFEA2BE0815E006D9888 /* FirebaseAppDistribution-Beta */,
				3F33BFEC2BE0815F006D9888 /* FirebaseAuth */,
				3F33BFEE2BE0815F006D9888 /* FirebaseAuthCombine-Community */,
				3F33BFF02BE0815F006D9888 /* FirebaseCrashlytics */,
				3F33BFF22BE0815F006D9888 /* FirebaseDatabase */,
				3F33BFF42BE0815F006D9888 /* FirebaseDatabaseSwift */,
				3F33BFF62BE0815F006D9888 /* FirebaseDynamicLinks */,
				3F33BFF82BE0815F006D9888 /* FirebaseFirestore */,
				3F33BFFA2BE0815F006D9888 /* FirebaseFirestoreCombine-Community */,
				3F33BFFC2BE0815F006D9888 /* FirebaseFirestoreSwift */,
				3F33BFFE2BE0815F006D9888 /* FirebaseFunctions */,
				3F33C0002BE0815F006D9888 /* FirebaseFunctionsCombine-Community */,
				3F33C0022BE0815F006D9888 /* FirebaseInAppMessaging-Beta */,
				3F33C0042BE0815F006D9888 /* FirebaseInAppMessagingSwift-Beta */,
				3F33C0062BE0815F006D9888 /* FirebaseInstallations */,
				3F33C0082BE0815F006D9888 /* FirebaseMLModelDownloader */,
				3F33C00A2BE0815F006D9888 /* FirebaseMessaging */,
				3F33C00C2BE0815F006D9888 /* FirebasePerformance */,
				3F33C00E2BE0815F006D9888 /* FirebaseRemoteConfig */,
				3F33C0102BE0815F006D9888 /* FirebaseRemoteConfigSwift */,
				3F33C0122BE0815F006D9888 /* FirebaseStorage */,
				3F33C0142BE0815F006D9888 /* FirebaseStorageCombine-Community */,
			);
			productName = "Login for App";
			productReference = 3F33BFB02BE05431006D9888 /* Login for App.app */;
			productType = "com.apple.product-type.application";
		};
/* End PBXNativeTarget section */

/* Begin PBXProject section */
		3F33BFA82BE05431006D9888 /* Project object */ = {
			isa = PBXProject;
			attributes = {
				BuildIndependentTargetsInParallel = 1;
				LastSwiftUpdateCheck = 1520;
				LastUpgradeCheck = 1520;
				TargetAttributes = {
					3F33BFAF2BE05431006D9888 = {
						CreatedOnToolsVersion = 15.2;
					};
				};
			};
			buildConfigurationList = 3F33BFAB2BE05431006D9888 /* Build configuration list for PBXProject "Login for App" */;
			compatibilityVersion = "Xcode 14.0";
			developmentRegion = en;
			hasScannedForEncodings = 0;
			knownRegions = (
				en,
				Base,
			);
			mainGroup = 3F33BFA72BE05431006D9888;
			packageReferences = (
				3F33BFDF2BE0815E006D9888 /* XCRemoteSwiftPackageReference "firebase-ios-sdk" */,
			);
			productRefGroup = 3F33BFB12BE05431006D9888 /* Products */;
			projectDirPath = "";
			projectRoot = "";
			targets = (
				3F33BFAF2BE05431006D9888 /* Login for App */,
			);
		};
/* End PBXProject section */

/* Begin PBXResourcesBuildPhase section */
		3F33BFAE2BE05431006D9888 /* Resources */ = {
			isa = PBXResourcesBuildPhase;
			buildActionMask = 2147483647;
			files = (
				3F33BFBB2BE05433006D9888 /* Preview Assets.xcassets in Resources */,
				3F33BFB82BE05433006D9888 /* Assets.xcassets in Resources */,
				3F33BFDE2BE08002006D9888 /* GoogleService-Info.plist in Resources */,
			);
			runOnlyForDeploymentPostprocessing = 0;
		};
/* End PBXResourcesBuildPhase section */

/* Begin PBXSourcesBuildPhase section */
		3F33BFAC2BE05431006D9888 /* Sources */ = {
			isa = PBXSourcesBuildPhase;
			buildActionMask = 2147483647;
			files = (
				3F33BFD22BE055ED006D9888 /* LoginView.swift in Sources */,
				3F33BFD42BE05A94006D9888 /* InputView.swift in Sources */,
				3F33BFB62BE05431006D9888 /* ContentView.swift in Sources */,
				3F33BFB42BE05431006D9888 /* Login_for_AppApp.swift in Sources */,
				3F33BFDC2BE07834006D9888 /* User.swift in Sources */,
				3F33BFD82BE063BD006D9888 /* ProfileView.swift in Sources */,
				3F33BFD62BE060A2006D9888 /* RegistrationView.swift in Sources */,
				3F33BFDA2BE071CC006D9888 /* SettingsRowView.swift in Sources */,
				3F33C01A2BE081BB006D9888 /* AuthViewModel.swift in Sources */,
			);
			runOnlyForDeploymentPostprocessing = 0;
		};
/* End PBXSourcesBuildPhase section */

/* Begin XCBuildConfiguration section */
		3F33BFBC2BE05433006D9888 /* Debug */ = {
			isa = XCBuildConfiguration;
			buildSettings = {
				ALWAYS_SEARCH_USER_PATHS = NO;
				ASSETCATALOG_COMPILER_GENERATE_SWIFT_ASSET_SYMBOL_EXTENSIONS = YES;
				CLANG_ANALYZER_NONNULL = YES;
				CLANG_ANALYZER_NUMBER_OBJECT_CONVERSION = YES_AGGRESSIVE;
				CLANG_CXX_LANGUAGE_STANDARD = "gnu++20";
				CLANG_ENABLE_MODULES = YES;
				CLANG_ENABLE_OBJC_ARC = YES;
				CLANG_ENABLE_OBJC_WEAK = YES;
				CLANG_WARN_BLOCK_CAPTURE_AUTORELEASING = YES;
				CLANG_WARN_BOOL_CONVERSION = YES;
				CLANG_WARN_COMMA = YES;
				CLANG_WARN_CONSTANT_CONVERSION = YES;
				CLANG_WARN_DEPRECATED_OBJC_IMPLEMENTATIONS = YES;
				CLANG_WARN_DIRECT_OBJC_ISA_USAGE = YES_ERROR;
				CLANG_WARN_DOCUMENTATION_COMMENTS = YES;
				CLANG_WARN_EMPTY_BODY = YES;
				CLANG_WARN_ENUM_CONVERSION = YES;
				CLANG_WARN_INFINITE_RECURSION = YES;
				CLANG_WARN_INT_CONVERSION = YES;
				CLANG_WARN_NON_LITERAL_NULL_CONVERSION = YES;
				CLANG_WARN_OBJC_IMPLICIT_RETAIN_SELF = YES;
				CLANG_WARN_OBJC_LITERAL_CONVERSION = YES;
				CLANG_WARN_OBJC_ROOT_CLASS = YES_ERROR;
				CLANG_WARN_QUOTED_INCLUDE_IN_FRAMEWORK_HEADER = YES;
				CLANG_WARN_RANGE_LOOP_ANALYSIS = YES;
				CLANG_WARN_STRICT_PROTOTYPES = YES;
				CLANG_WARN_SUSPICIOUS_MOVE = YES;
				CLANG_WARN_UNGUARDED_AVAILABILITY = YES_AGGRESSIVE;
				CLANG_WARN_UNREACHABLE_CODE = YES;
				CLANG_WARN__DUPLICATE_METHOD_MATCH = YES;
				COPY_PHASE_STRIP = NO;
				DEBUG_INFORMATION_FORMAT = dwarf;
				ENABLE_STRICT_OBJC_MSGSEND = YES;
				ENABLE_TESTABILITY = YES;
				ENABLE_USER_SCRIPT_SANDBOXING = YES;
				GCC_C_LANGUAGE_STANDARD = gnu17;
				GCC_DYNAMIC_NO_PIC = NO;
				GCC_NO_COMMON_BLOCKS = YES;
				GCC_OPTIMIZATION_LEVEL = 0;
				GCC_PREPROCESSOR_DEFINITIONS = (
					"DEBUG=1",
					"$(inherited)",
				);
				GCC_WARN_64_TO_32_BIT_CONVERSION = YES;
				GCC_WARN_ABOUT_RETURN_TYPE = YES_ERROR;
				GCC_WARN_UNDECLARED_SELECTOR = YES;
				GCC_WARN_UNINITIALIZED_AUTOS = YES_AGGRESSIVE;
				GCC_WARN_UNUSED_FUNCTION = YES;
				GCC_WARN_UNUSED_VARIABLE = YES;
				IPHONEOS_DEPLOYMENT_TARGET = 17.2;
				LOCALIZATION_PREFERS_STRING_CATALOGS = YES;
				MTL_ENABLE_DEBUG_INFO = INCLUDE_SOURCE;
				MTL_FAST_MATH = YES;
				ONLY_ACTIVE_ARCH = YES;
				SDKROOT = iphoneos;
				SWIFT_ACTIVE_COMPILATION_CONDITIONS = "DEBUG $(inherited)";
				SWIFT_OPTIMIZATION_LEVEL = "-Onone";
			};
			name = Debug;
		};
		3F33BFBD2BE05433006D9888 /* Release */ = {
			isa = XCBuildConfiguration;
			buildSettings = {
				ALWAYS_SEARCH_USER_PATHS = NO;
				ASSETCATALOG_COMPILER_GENERATE_SWIFT_ASSET_SYMBOL_EXTENSIONS = YES;
				CLANG_ANALYZER_NONNULL = YES;
				CLANG_ANALYZER_NUMBER_OBJECT_CONVERSION = YES_AGGRESSIVE;
				CLANG_CXX_LANGUAGE_STANDARD = "gnu++20";
				CLANG_ENABLE_MODULES = YES;
				CLANG_ENABLE_OBJC_ARC = YES;
				CLANG_ENABLE_OBJC_WEAK = YES;
				CLANG_WARN_BLOCK_CAPTURE_AUTORELEASING = YES;
				CLANG_WARN_BOOL_CONVERSION = YES;
				CLANG_WARN_COMMA = YES;
				CLANG_WARN_CONSTANT_CONVERSION = YES;
				CLANG_WARN_DEPRECATED_OBJC_IMPLEMENTATIONS = YES;
				CLANG_WARN_DIRECT_OBJC_ISA_USAGE = YES_ERROR;
				CLANG_WARN_DOCUMENTATION_COMMENTS = YES;
				CLANG_WARN_EMPTY_BODY = YES;
				CLANG_WARN_ENUM_CONVERSION = YES;
				CLANG_WARN_INFINITE_RECURSION = YES;
				CLANG_WARN_INT_CONVERSION = YES;
				CLANG_WARN_NON_LITERAL_NULL_CONVERSION = YES;
				CLANG_WARN_OBJC_IMPLICIT_RETAIN_SELF = YES;
				CLANG_WARN_OBJC_LITERAL_CONVERSION = YES;
				CLANG_WARN_OBJC_ROOT_CLASS = YES_ERROR;
				CLANG_WARN_QUOTED_INCLUDE_IN_FRAMEWORK_HEADER = YES;
				CLANG_WARN_RANGE_LOOP_ANALYSIS = YES;
				CLANG_WARN_STRICT_PROTOTYPES = YES;
				CLANG_WARN_SUSPICIOUS_MOVE = YES;
				CLANG_WARN_UNGUARDED_AVAILABILITY = YES_AGGRESSIVE;
				CLANG_WARN_UNREACHABLE_CODE = YES;
				CLANG_WARN__DUPLICATE_METHOD_MATCH = YES;
				COPY_PHASE_STRIP = NO;
				DEBUG_INFORMATION_FORMAT = "dwarf-with-dsym";
				ENABLE_NS_ASSERTIONS = NO;
				ENABLE_STRICT_OBJC_MSGSEND = YES;
				ENABLE_USER_SCRIPT_SANDBOXING = YES;
				GCC_C_LANGUAGE_STANDARD = gnu17;
				GCC_NO_COMMON_BLOCKS = YES;
				GCC_WARN_64_TO_32_BIT_CONVERSION = YES;
				GCC_WARN_ABOUT_RETURN_TYPE = YES_ERROR;
				GCC_WARN_UNDECLARED_SELECTOR = YES;
				GCC_WARN_UNINITIALIZED_AUTOS = YES_AGGRESSIVE;
				GCC_WARN_UNUSED_FUNCTION = YES;
				GCC_WARN_UNUSED_VARIABLE = YES;
				IPHONEOS_DEPLOYMENT_TARGET = 17.2;
				LOCALIZATION_PREFERS_STRING_CATALOGS = YES;
				MTL_ENABLE_DEBUG_INFO = NO;
				MTL_FAST_MATH = YES;
				SDKROOT = iphoneos;
				SWIFT_COMPILATION_MODE = wholemodule;
				VALIDATE_PRODUCT = YES;
			};
			name = Release;
		};
		3F33BFBF2BE05433006D9888 /* Debug */ = {
			isa = XCBuildConfiguration;
			buildSettings = {
				ASSETCATALOG_COMPILER_APPICON_NAME = AppIcon;
				ASSETCATALOG_COMPILER_GLOBAL_ACCENT_COLOR_NAME = AccentColor;
				CODE_SIGN_STYLE = Automatic;
				CURRENT_PROJECT_VERSION = 1;
				DEVELOPMENT_ASSET_PATHS = "\"Login for App/Preview Content\"";
				ENABLE_PREVIEWS = YES;
				GENERATE_INFOPLIST_FILE = YES;
				INFOPLIST_KEY_UIApplicationSceneManifest_Generation = YES;
				INFOPLIST_KEY_UIApplicationSupportsIndirectInputEvents = YES;
				INFOPLIST_KEY_UILaunchScreen_Generation = YES;
				INFOPLIST_KEY_UISupportedInterfaceOrientations_iPad = "UIInterfaceOrientationPortrait UIInterfaceOrientationPortraitUpsideDown UIInterfaceOrientationLandscapeLeft UIInterfaceOrientationLandscapeRight";
				INFOPLIST_KEY_UISupportedInterfaceOrientations_iPhone = "UIInterfaceOrientationPortrait UIInterfaceOrientationLandscapeLeft UIInterfaceOrientationLandscapeRight";
				LD_RUNPATH_SEARCH_PATHS = (
					"$(inherited)",
					"@executable_path/Frameworks",
				);
				MARKETING_VERSION = 1.0;
				PRODUCT_BUNDLE_IDENTIFIER = "A.Login-for-App";
				PRODUCT_NAME = "$(TARGET_NAME)";
				SWIFT_EMIT_LOC_STRINGS = YES;
				SWIFT_VERSION = 5.0;
				TARGETED_DEVICE_FAMILY = "1,2";
			};
			name = Debug;
		};
		3F33BFC02BE05433006D9888 /* Release */ = {
			isa = XCBuildConfiguration;
			buildSettings = {
				ASSETCATALOG_COMPILER_APPICON_NAME = AppIcon;
				ASSETCATALOG_COMPILER_GLOBAL_ACCENT_COLOR_NAME = AccentColor;
				CODE_SIGN_STYLE = Automatic;
				CURRENT_PROJECT_VERSION = 1;
				DEVELOPMENT_ASSET_PATHS = "\"Login for App/Preview Content\"";
				ENABLE_PREVIEWS = YES;
				GENERATE_INFOPLIST_FILE = YES;
				INFOPLIST_KEY_UIApplicationSceneManifest_Generation = YES;
				INFOPLIST_KEY_UIApplicationSupportsIndirectInputEvents = YES;
				INFOPLIST_KEY_UILaunchScreen_Generation = YES;
				INFOPLIST_KEY_UISupportedInterfaceOrientations_iPad = "UIInterfaceOrientationPortrait UIInterfaceOrientationPortraitUpsideDown UIInterfaceOrientationLandscapeLeft UIInterfaceOrientationLandscapeRight";
				INFOPLIST_KEY_UISupportedInterfaceOrientations_iPhone = "UIInterfaceOrientationPortrait UIInterfaceOrientationLandscapeLeft UIInterfaceOrientationLandscapeRight";
				LD_RUNPATH_SEARCH_PATHS = (
					"$(inherited)",
					"@executable_path/Frameworks",
				);
				MARKETING_VERSION = 1.0;
				PRODUCT_BUNDLE_IDENTIFIER = "A.Login-for-App";
				PRODUCT_NAME = "$(TARGET_NAME)";
				SWIFT_EMIT_LOC_STRINGS = YES;
				SWIFT_VERSION = 5.0;
				TARGETED_DEVICE_FAMILY = "1,2";
			};
			name = Release;
		};
/* End XCBuildConfiguration section */

/* Begin XCConfigurationList section */
		3F33BFAB2BE05431006D9888 /* Build configuration list for PBXProject "Login for App" */ = {
			isa = XCConfigurationList;
			buildConfigurations = (
				3F33BFBC2BE05433006D9888 /* Debug */,
				3F33BFBD2BE05433006D9888 /* Release */,
			);
			defaultConfigurationIsVisible = 0;
			defaultConfigurationName = Release;
		};
		3F33BFBE2BE05433006D9888 /* Build configuration list for PBXNativeTarget "Login for App" */ = {
			isa = XCConfigurationList;
			buildConfigurations = (
				3F33BFBF2BE05433006D9888 /* Debug */,
				3F33BFC02BE05433006D9888 /* Release */,
			);
			defaultConfigurationIsVisible = 0;
			defaultConfigurationName = Release;
		};
/* End XCConfigurationList section */

/* Begin XCRemoteSwiftPackageReference section */
		3F33BFDF2BE0815E006D9888 /* XCRemoteSwiftPackageReference "firebase-ios-sdk" */ = {
			isa = XCRemoteSwiftPackageReference;
			repositoryURL = "https://github.com/firebase/firebase-ios-sdk";
			requirement = {
				kind = upToNextMajorVersion;
				minimumVersion = 10.24.0;
			};
		};
/* End XCRemoteSwiftPackageReference section */

/* Begin XCSwiftPackageProductDependency section */
		3F33BFE02BE0815E006D9888 /* FirebaseAnalytics */ = {
			isa = XCSwiftPackageProductDependency;
			package = 3F33BFDF2BE0815E006D9888 /* XCRemoteSwiftPackageReference "firebase-ios-sdk" */;
			productName = FirebaseAnalytics;
		};
		3F33BFE22BE0815E006D9888 /* FirebaseAnalyticsOnDeviceConversion */ = {
			isa = XCSwiftPackageProductDependency;
			package = 3F33BFDF2BE0815E006D9888 /* XCRemoteSwiftPackageReference "firebase-ios-sdk" */;
			productName = FirebaseAnalyticsOnDeviceConversion;
		};
		3F33BFE42BE0815E006D9888 /* FirebaseAnalyticsSwift */ = {
			isa = XCSwiftPackageProductDependency;
			package = 3F33BFDF2BE0815E006D9888 /* XCRemoteSwiftPackageReference "firebase-ios-sdk" */;
			productName = FirebaseAnalyticsSwift;
		};
		3F33BFE62BE0815E006D9888 /* FirebaseAnalyticsWithoutAdIdSupport */ = {
			isa = XCSwiftPackageProductDependency;
			package = 3F33BFDF2BE0815E006D9888 /* XCRemoteSwiftPackageReference "firebase-ios-sdk" */;
			productName = FirebaseAnalyticsWithoutAdIdSupport;
		};
		3F33BFE82BE0815E006D9888 /* FirebaseAppCheck */ = {
			isa = XCSwiftPackageProductDependency;
			package = 3F33BFDF2BE0815E006D9888 /* XCRemoteSwiftPackageReference "firebase-ios-sdk" */;
			productName = FirebaseAppCheck;
		};
		3F33BFEA2BE0815E006D9888 /* FirebaseAppDistribution-Beta */ = {
			isa = XCSwiftPackageProductDependency;
			package = 3F33BFDF2BE0815E006D9888 /* XCRemoteSwiftPackageReference "firebase-ios-sdk" */;
			productName = "FirebaseAppDistribution-Beta";
		};
		3F33BFEC2BE0815F006D9888 /* FirebaseAuth */ = {
			isa = XCSwiftPackageProductDependency;
			package = 3F33BFDF2BE0815E006D9888 /* XCRemoteSwiftPackageReference "firebase-ios-sdk" */;
			productName = FirebaseAuth;
		};
		3F33BFEE2BE0815F006D9888 /* FirebaseAuthCombine-Community */ = {
			isa = XCSwiftPackageProductDependency;
			package = 3F33BFDF2BE0815E006D9888 /* XCRemoteSwiftPackageReference "firebase-ios-sdk" */;
			productName = "FirebaseAuthCombine-Community";
		};
		3F33BFF02BE0815F006D9888 /* FirebaseCrashlytics */ = {
			isa = XCSwiftPackageProductDependency;
			package = 3F33BFDF2BE0815E006D9888 /* XCRemoteSwiftPackageReference "firebase-ios-sdk" */;
			productName = FirebaseCrashlytics;
		};
		3F33BFF22BE0815F006D9888 /* FirebaseDatabase */ = {
			isa = XCSwiftPackageProductDependency;
			package = 3F33BFDF2BE0815E006D9888 /* XCRemoteSwiftPackageReference "firebase-ios-sdk" */;
			productName = FirebaseDatabase;
		};
		3F33BFF42BE0815F006D9888 /* FirebaseDatabaseSwift */ = {
			isa = XCSwiftPackageProductDependency;
			package = 3F33BFDF2BE0815E006D9888 /* XCRemoteSwiftPackageReference "firebase-ios-sdk" */;
			productName = FirebaseDatabaseSwift;
		};
		3F33BFF62BE0815F006D9888 /* FirebaseDynamicLinks */ = {
			isa = XCSwiftPackageProductDependency;
			package = 3F33BFDF2BE0815E006D9888 /* XCRemoteSwiftPackageReference "firebase-ios-sdk" */;
			productName = FirebaseDynamicLinks;
		};
		3F33BFF82BE0815F006D9888 /* FirebaseFirestore */ = {
			isa = XCSwiftPackageProductDependency;
			package = 3F33BFDF2BE0815E006D9888 /* XCRemoteSwiftPackageReference "firebase-ios-sdk" */;
			productName = FirebaseFirestore;
		};
		3F33BFFA2BE0815F006D9888 /* FirebaseFirestoreCombine-Community */ = {
			isa = XCSwiftPackageProductDependency;
			package = 3F33BFDF2BE0815E006D9888 /* XCRemoteSwiftPackageReference "firebase-ios-sdk" */;
			productName = "FirebaseFirestoreCombine-Community";
		};
		3F33BFFC2BE0815F006D9888 /* FirebaseFirestoreSwift */ = {
			isa = XCSwiftPackageProductDependency;
			package = 3F33BFDF2BE0815E006D9888 /* XCRemoteSwiftPackageReference "firebase-ios-sdk" */;
			productName = FirebaseFirestoreSwift;
		};
		3F33BFFE2BE0815F006D9888 /* FirebaseFunctions */ = {
			isa = XCSwiftPackageProductDependency;
			package = 3F33BFDF2BE0815E006D9888 /* XCRemoteSwiftPackageReference "firebase-ios-sdk" */;
			productName = FirebaseFunctions;
		};
		3F33C0002BE0815F006D9888 /* FirebaseFunctionsCombine-Community */ = {
			isa = XCSwiftPackageProductDependency;
			package = 3F33BFDF2BE0815E006D9888 /* XCRemoteSwiftPackageReference "firebase-ios-sdk" */;
			productName = "FirebaseFunctionsCombine-Community";
		};
		3F33C0022BE0815F006D9888 /* FirebaseInAppMessaging-Beta */ = {
			isa = XCSwiftPackageProductDependency;
			package = 3F33BFDF2BE0815E006D9888 /* XCRemoteSwiftPackageReference "firebase-ios-sdk" */;
			productName = "FirebaseInAppMessaging-Beta";
		};
		3F33C0042BE0815F006D9888 /* FirebaseInAppMessagingSwift-Beta */ = {
			isa = XCSwiftPackageProductDependency;
			package = 3F33BFDF2BE0815E006D9888 /* XCRemoteSwiftPackageReference "firebase-ios-sdk" */;
			productName = "FirebaseInAppMessagingSwift-Beta";
		};
		3F33C0062BE0815F006D9888 /* FirebaseInstallations */ = {
			isa = XCSwiftPackageProductDependency;
			package = 3F33BFDF2BE0815E006D9888 /* XCRemoteSwiftPackageReference "firebase-ios-sdk" */;
			productName = FirebaseInstallations;
		};
		3F33C0082BE0815F006D9888 /* FirebaseMLModelDownloader */ = {
			isa = XCSwiftPackageProductDependency;
			package = 3F33BFDF2BE0815E006D9888 /* XCRemoteSwiftPackageReference "firebase-ios-sdk" */;
			productName = FirebaseMLModelDownloader;
		};
		3F33C00A2BE0815F006D9888 /* FirebaseMessaging */ = {
			isa = XCSwiftPackageProductDependency;
			package = 3F33BFDF2BE0815E006D9888 /* XCRemoteSwiftPackageReference "firebase-ios-sdk" */;
			productName = FirebaseMessaging;
		};
		3F33C00C2BE0815F006D9888 /* FirebasePerformance */ = {
			isa = XCSwiftPackageProductDependency;
			package = 3F33BFDF2BE0815E006D9888 /* XCRemoteSwiftPackageReference "firebase-ios-sdk" */;
			productName = FirebasePerformance;
		};
		3F33C00E2BE0815F006D9888 /* FirebaseRemoteConfig */ = {
			isa = XCSwiftPackageProductDependency;
			package = 3F33BFDF2BE0815E006D9888 /* XCRemoteSwiftPackageReference "firebase-ios-sdk" */;
			productName = FirebaseRemoteConfig;
		};
		3F33C0102BE0815F006D9888 /* FirebaseRemoteConfigSwift */ = {
			isa = XCSwiftPackageProductDependency;
			package = 3F33BFDF2BE0815E006D9888 /* XCRemoteSwiftPackageReference "firebase-ios-sdk" */;
			productName = FirebaseRemoteConfigSwift;
		};
		3F33C0122BE0815F006D9888 /* FirebaseStorage */ = {
			isa = XCSwiftPackageProductDependency;
			package = 3F33BFDF2BE0815E006D9888 /* XCRemoteSwiftPackageReference "firebase-ios-sdk" */;
			productName = FirebaseStorage;
		};
		3F33C0142BE0815F006D9888 /* FirebaseStorageCombine-Community */ = {
			isa = XCSwiftPackageProductDependency;
			package = 3F33BFDF2BE0815E006D9888 /* XCRemoteSwiftPackageReference "firebase-ios-sdk" */;
			productName = "FirebaseStorageCombine-Community";
		};
/* End XCSwiftPackageProductDependency section */
	};
	rootObject = 3F33BFA82BE05431006D9888 /* Project object */;
}
